
Microsoft Visual Studio Solution File, Format Version 12.00
# Visual Studio Version 16
VisualStudioVersion = 16.0.31129.286
MinimumVisualStudioVersion = 10.0.40219.1
Project("{FAE04EC0-301F-11D3-BF4B-00C04F79EFBC}") = "FlightsApp", "FlightsApp\FlightsApp.csproj", "{1F9EA816-A4A3-4C21-8029-1C9BC0E82CB9}"
EndProject
Global
	GlobalSection(SolutionConfigurationPlatforms) = preSolution
		Debug|Any CPU = Debug|Any CPU
		Release|Any CPU = Release|Any CPU
	EndGlobalSection
	GlobalSection(ProjectConfigurationPlatforms) = postSolution
		{1F9EA816-A4A3-4C21-8029-1C9BC0E82CB9}.Debug|Any CPU.ActiveCfg = Debug|Any CPU
		{1F9EA816-A4A3-4C21-8029-1C9BC0E82CB9}.Debug|Any CPU.Build.0 = Debug|Any CPU
		{1F9EA816-A4A3-4C21-8029-1C9BC0E82CB9}.Release|Any CPU.ActiveCfg = Release|Any CPU
		{1F9EA816-A4A3-4C21-8029-1C9BC0E82CB9}.Release|Any CPU.Build.0 = Release|Any CPU
	EndGlobalSection
	GlobalSection(SolutionProperties) = preSolution
		HideSolutionNode = FALSE
	EndGlobalSection
	GlobalSection(ExtensibilityGlobals) = postSolution
		SolutionGuid = {7D9135CC-B8AC-49DE-AAAA-CDABB3A38FF1}
	EndGlobalSection
EndGlobal
